lockfileVersion: '9.0'

settings:
  autoInstallPeers: true
  excludeLinksFromLockfile: false

importers:

  .:
    dependencies:
      emscripten:
        specifier: 0.0.2-beta
        version: 0.0.2-beta
      mkdirp:
        specifier: ^1.0.4
        version: 1.0.4
      typescript:
        specifier: ^4.8.4
        version: 4.8.4

packages:

  emscripten@0.0.2-beta:
    resolution: {integrity: sha512-bckLzZ9n/GhNB4NwE23frASTc0hB7EyrY9ykys+Ou5wKupOROtEzkeWqxoGmWYQVNbidSW5UYsHwo8hhCuqbKg==}
    hasBin: true

  mkdirp@1.0.4:
    resolution: {integrity: sha512-vVqVZQyf3WLx2Shd0qJ9xuvqgAyKPLAiqITEtqW0oIUjzo3PePDd6fW9iFz30ef7Ysp/oiWqbhszeGWW2T6Gzw==}
    engines: {node: '>=10'}
    hasBin: true

  typescript@4.8.4:
    resolution: {integrity: sha512-QCh+85mCy+h0IGff8r5XWzOVSbBO+KfeYrMQh7NJ58QujwcE22u+NUSmUxqF+un70P9GXKxa2HCNiTTMJknyjQ==}
    engines: {node: '>=4.2.0'}
    hasBin: true

snapshots:

  emscripten@0.0.2-beta: {}

  mkdirp@1.0.4: {}

  typescript@4.8.4: {}
